
Microsoft Visual Studio Solution File, Format Version 12.00
# Visual Studio Version 18
VisualStudioVersion = 18.1.11312.151
MinimumVisualStudioVersion = 10.0.40219.1
Project("{FAE04EC0-301F-11D3-BF4B-00C04F79EFBC}") = "IISFrontGuard.Module", "IISFrontGuard.Module\IISFrontGuard.Module.csproj", "{BF961A9A-EF22-4EE9-A1AB-4631016D2D3C}"
EndProject
Project("{2150E333-8FDC-42A3-9474-1A3956D46DE8}") = "Tests", "Tests", "{7F0E8B32-5F34-4C5F-A2C8-6D26B0E33E00}"
EndProject
Project("{FAE04EC0-301F-11D3-BF4B-00C04F79EFBC}") = "IISFrontGuard.Module.UnitTests", "IISFrontGuard.Module.UnitTests\IISFrontGuard.Module.UnitTests.csproj", "{B1232AFD-C587-4C27-9242-9542D092EF97}"
EndProject
Project("{FAE04EC0-301F-11D3-BF4B-00C04F79EFBC}") = "IISFrontGuard.Module.IntegrationTests", "IISFrontGuard.Module.IntegrationTests\IISFrontGuard.Module.IntegrationTests.csproj", "{1004F155-7AA8-44F4-9F85-227840193116}"
EndProject
Project("{FAE04EC0-301F-11D3-BF4B-00C04F79EFBC}") = "IISFrontGuard.Handler", "IISFrontGuard.Handler\IISFrontGuard.Handler.csproj", "{F572129F-A11A-4F4A-8414-5E6D7185DACE}"
EndProject
Project("{FAE04EC0-301F-11D3-BF4B-00C04F79EFBC}") = "IISFrontGuard.Module.WebApp", "IISFrontGuard.Module.WebApp\IISFrontGuard.Module.WebApp.csproj", "{82F19F94-FB9D-4DCB-9A06-9DC620EC5608}"
EndProject
Global
	GlobalSection(SolutionConfigurationPlatforms) = preSolution
		Debug|Any CPU = Debug|Any CPU
		Release|Any CPU = Release|Any CPU
	EndGlobalSection
	GlobalSection(ProjectConfigurationPlatforms) = postSolution
		{BF961A9A-EF22-4EE9-A1AB-4631016D2D3C}.Debug|Any CPU.ActiveCfg = Debug|Any CPU
		{BF961A9A-EF22-4EE9-A1AB-4631016D2D3C}.Debug|Any CPU.Build.0 = Debug|Any CPU
		{BF961A9A-EF22-4EE9-A1AB-4631016D2D3C}.Release|Any CPU.ActiveCfg = Release|Any CPU
		{BF961A9A-EF22-4EE9-A1AB-4631016D2D3C}.Release|Any CPU.Build.0 = Release|Any CPU
		{B1232AFD-C587-4C27-9242-9542D092EF97}.Debug|Any CPU.ActiveCfg = Debug|Any CPU
		{B1232AFD-C587-4C27-9242-9542D092EF97}.Debug|Any CPU.Build.0 = Debug|Any CPU
		{B1232AFD-C587-4C27-9242-9542D092EF97}.Release|Any CPU.ActiveCfg = Release|Any CPU
		{B1232AFD-C587-4C27-9242-9542D092EF97}.Release|Any CPU.Build.0 = Release|Any CPU
		{1004F155-7AA8-44F4-9F85-227840193116}.Debug|Any CPU.ActiveCfg = Debug|Any CPU
		{1004F155-7AA8-44F4-9F85-227840193116}.Debug|Any CPU.Build.0 = Debug|Any CPU
		{1004F155-7AA8-44F4-9F85-227840193116}.Release|Any CPU.ActiveCfg = Release|Any CPU
		{1004F155-7AA8-44F4-9F85-227840193116}.Release|Any CPU.Build.0 = Release|Any CPU
		{F572129F-A11A-4F4A-8414-5E6D7185DACE}.Debug|Any CPU.ActiveCfg = Debug|Any CPU
		{F572129F-A11A-4F4A-8414-5E6D7185DACE}.Debug|Any CPU.Build.0 = Debug|Any CPU
		{F572129F-A11A-4F4A-8414-5E6D7185DACE}.Release|Any CPU.ActiveCfg = Release|Any CPU
		{F572129F-A11A-4F4A-8414-5E6D7185DACE}.Release|Any CPU.Build.0 = Release|Any CPU
		{82F19F94-FB9D-4DCB-9A06-9DC620EC5608}.Debug|Any CPU.ActiveCfg = Debug|Any CPU
		{82F19F94-FB9D-4DCB-9A06-9DC620EC5608}.Debug|Any CPU.Build.0 = Debug|Any CPU
		{82F19F94-FB9D-4DCB-9A06-9DC620EC5608}.Release|Any CPU.ActiveCfg = Release|Any CPU
		{82F19F94-FB9D-4DCB-9A06-9DC620EC5608}.Release|Any CPU.Build.0 = Release|Any CPU
	EndGlobalSection
	GlobalSection(SolutionProperties) = preSolution
		HideSolutionNode = FALSE
	EndGlobalSection
	GlobalSection(NestedProjects) = preSolution
		{B1232AFD-C587-4C27-9242-9542D092EF97} = {7F0E8B32-5F34-4C5F-A2C8-6D26B0E33E00}
		{1004F155-7AA8-44F4-9F85-227840193116} = {7F0E8B32-5F34-4C5F-A2C8-6D26B0E33E00}
	EndGlobalSection
	GlobalSection(ExtensibilityGlobals) = postSolution
		SolutionGuid = {822B2658-FC0C-4456-A4D9-D77D4EDDF599}
	EndGlobalSection
EndGlobal
